<?xml version="1.0" encoding="utf-8"?>
<Project ToolsVersion="4.0" xmlns="http://schemas.microsoft.com/developer/msbuild/2003">
  <ItemGroup>
    <ClCompile Include="cpp\DeformableMesh.cpp" />
    <ClCompile Include="main.cpp" />
    <ClCompile Include="camera.cpp" />
    <ClCompile Include="surface_mesh\IO.cpp" />
    <ClCompile Include="surface_mesh\IO_obj.cpp" />
    <ClCompile Include="surface_mesh\IO_off.cpp" />
    <ClCompile Include="surface_mesh\IO_poly.cpp" />
    <ClCompile Include="surface_mesh\IO_stl.cpp" />
    <ClCompile Include="surface_mesh\Surface_mesh.cpp" />
    <ClCompile Include="surface_mesh\tinyply.cpp" />
  </ItemGroup>
  <ItemGroup>
    <ClInclude Include="camera.h" />
    <ClInclude Include="headers\DeformableMesh.h" />
    <ClInclude Include="include\gl\freeglut.h" />
    <ClInclude Include="include\gl\freeglut_ext.h" />
    <ClInclude Include="include\gl\freeglut_std.h" />
    <ClInclude Include="include\surface_mesh\IO.h" />
    <ClInclude Include="include\surface_mesh\properties.h" />
    <ClInclude Include="include\surface_mesh\Surface_mesh.h" />
    <ClInclude Include="include\surface_mesh\tinyply.h" />
    <ClInclude Include="include\surface_mesh\types.h" />
    <ClInclude Include="include\surface_mesh\Vector.h" />
    <ClInclude Include="Object3D.h" />
    <ClInclude Include="extra.h" />
    <ClInclude Include="Ray.h" />
  </ItemGroup>
  <ItemGroup>
    <None Include="..\..\..\..\Program Files (x86)\Microsoft Visual Studio\2017\Community\VC\Tools\MSVC\14.12.25827\include\cassert" />
    <None Include="freeglut.dll" />
  </ItemGroup>
</Project>